
Microsoft Visual Studio Solution File, Format Version 12.00
# Visual Studio Version 16
VisualStudioVersion = 16.0.31424.327
MinimumVisualStudioVersion = 10.0.40219.1
Project("{FAE04EC0-301F-11D3-BF4B-00C04F79EFBC}") = "NTierAplication.BLL", "NTierAplicationBLL\NTierAplication.BLL.csproj", "{D6029272-BEFA-40A5-A7BF-45258CAA61EC}"
EndProject
Project("{FAE04EC0-301F-11D3-BF4B-00C04F79EFBC}") = "NTierAplication.DAL", "NTierAplication.DAL\NTierAplication.DAL.csproj", "{31EF31F3-BE5F-446C-B160-376D942D03DF}"
EndProject
Project("{FAE04EC0-301F-11D3-BF4B-00C04F79EFBC}") = "NTierAplication.WinUI", "NTierAplication.WinUI\NTierAplication.WinUI.csproj", "{97EBACDB-00E4-4AEF-A5D1-A0454A24F2F2}"
EndProject
Global
	GlobalSection(SolutionConfigurationPlatforms) = preSolution
		Debug|Any CPU = Debug|Any CPU
		Release|Any CPU = Release|Any CPU
	EndGlobalSection
	GlobalSection(ProjectConfigurationPlatforms) = postSolution
		{D6029272-BEFA-40A5-A7BF-45258CAA61EC}.Debug|Any CPU.ActiveCfg = Debug|Any CPU
		{D6029272-BEFA-40A5-A7BF-45258CAA61EC}.Debug|Any CPU.Build.0 = Debug|Any CPU
		{D6029272-BEFA-40A5-A7BF-45258CAA61EC}.Release|Any CPU.ActiveCfg = Release|Any CPU
		{D6029272-BEFA-40A5-A7BF-45258CAA61EC}.Release|Any CPU.Build.0 = Release|Any CPU
		{31EF31F3-BE5F-446C-B160-376D942D03DF}.Debug|Any CPU.ActiveCfg = Debug|Any CPU
		{31EF31F3-BE5F-446C-B160-376D942D03DF}.Debug|Any CPU.Build.0 = Debug|Any CPU
		{31EF31F3-BE5F-446C-B160-376D942D03DF}.Release|Any CPU.ActiveCfg = Release|Any CPU
		{31EF31F3-BE5F-446C-B160-376D942D03DF}.Release|Any CPU.Build.0 = Release|Any CPU
		{97EBACDB-00E4-4AEF-A5D1-A0454A24F2F2}.Debug|Any CPU.ActiveCfg = Debug|Any CPU
		{97EBACDB-00E4-4AEF-A5D1-A0454A24F2F2}.Debug|Any CPU.Build.0 = Debug|Any CPU
		{97EBACDB-00E4-4AEF-A5D1-A0454A24F2F2}.Release|Any CPU.ActiveCfg = Release|Any CPU
		{97EBACDB-00E4-4AEF-A5D1-A0454A24F2F2}.Release|Any CPU.Build.0 = Release|Any CPU
	EndGlobalSection
	GlobalSection(SolutionProperties) = preSolution
		HideSolutionNode = FALSE
	EndGlobalSection
	GlobalSection(ExtensibilityGlobals) = postSolution
		SolutionGuid = {EA3DBA00-9C67-43DF-8D09-0320FE46CDCE}
	EndGlobalSection
EndGlobal
